
Microsoft Visual Studio Solution File, Format Version 12.00
# Visual Studio Version 16
VisualStudioVersion = 16.0.29911.84
MinimumVisualStudioVersion = 10.0.40219.1
Project("{9A19103F-16F7-4668-BE54-9A1E7A4F7556}") = "slotmonitor-func", "slotmonitor-func\slotmonitor-func.csproj", "{4C5B4D78-E7E8-4F99-B071-23F2CAB408F0}"
EndProject
Global
	GlobalSection(SolutionConfigurationPlatforms) = preSolution
		Debug|Any CPU = Debug|Any CPU
		Release|Any CPU = Release|Any CPU
	EndGlobalSection
	GlobalSection(ProjectConfigurationPlatforms) = postSolution
		{4C5B4D78-E7E8-4F99-B071-23F2CAB408F0}.Debug|Any CPU.ActiveCfg = Debug|Any CPU
		{4C5B4D78-E7E8-4F99-B071-23F2CAB408F0}.Debug|Any CPU.Build.0 = Debug|Any CPU
		{4C5B4D78-E7E8-4F99-B071-23F2CAB408F0}.Release|Any CPU.ActiveCfg = Release|Any CPU
		{4C5B4D78-E7E8-4F99-B071-23F2CAB408F0}.Release|Any CPU.Build.0 = Release|Any CPU
	EndGlobalSection
	GlobalSection(SolutionProperties) = preSolution
		HideSolutionNode = FALSE
	EndGlobalSection
	GlobalSection(ExtensibilityGlobals) = postSolution
		SolutionGuid = {42D5426B-4A36-4211-B16F-A79B14CD455E}
	EndGlobalSection
EndGlobal
